
Microsoft Visual Studio Solution File, Format Version 12.00
# Visual Studio Version 17
VisualStudioVersion = 17.6.33723.286
MinimumVisualStudioVersion = 10.0.40219.1
Project("{8BC9CEB8-8B4A-11D0-8D11-00A0C91BC942}") = "0101 C++初识", "0101 C++初识\01.C++初识.vcxproj", "{FD50C6E4-5BC3-41E6-A8D8-5428656D5C2B}"
EndProject
Project("{8BC9CEB8-8B4A-11D0-8D11-00A0C91BC942}") = "0102 双冒号作用域运算符", "0102 双冒号作用域运算符\02.双冒号作用域运算符.vcxproj", "{7BE46862-D479-4AEC-A41A-1C383546BAED}"
EndProject
Project("{8BC9CEB8-8B4A-11D0-8D11-00A0C91BC942}") = "0103 namespace命名空间", "0103 namespace命名空间\03.namespace命名空间.vcxproj", "{367BF28B-04F6-47BC-BF1A-9DD8AFABCC24}"
EndProject
Project("{8BC9CEB8-8B4A-11D0-8D11-00A0C91BC942}") = "0104 using声明以及using编译指令", "0104 using声明以及using编译指令\04.using声明以及using编译指令.vcxproj", "{47D21BD9-B066-4D2A-8A0B-D5AF87A48EE8}"
EndProject
Project("{8BC9CEB8-8B4A-11D0-8D11-00A0C91BC942}") = "0105 C++对C语言增强和扩展_C语言", "0105 C++对C语言增强和扩展_C语言\05.C++对C语言增强和扩展_C语言.vcxproj", "{338276B7-C56F-48E1-9F82-2FA3B3AEBBFA}"
EndProject
Project("{8BC9CEB8-8B4A-11D0-8D11-00A0C91BC942}") = "0106 C++对C语言增强和扩展_C++语言", "0106 C++对C语言增强和扩展_C++语言\06.C++对C语言增强和扩展_C++语言.vcxproj", "{FD0767E9-CAEA-445E-9B59-B202FF67E749}"
EndProject
Project("{8BC9CEB8-8B4A-11D0-8D11-00A0C91BC942}") = "0107 C语言下const修饰全局变量默认是外部链接属性", "0107 C语言下const修饰全局变量默认是外部链接属性\07.C语言下const修饰全局变量默认是外部链接属性.vcxproj", "{0CD27D1F-C217-4623-B00A-E6172D27E0A2}"
EndProject
Project("{8BC9CEB8-8B4A-11D0-8D11-00A0C91BC942}") = "0108 C++下const修饰全局变量默认是内部链接属性", "0108 C++下const修饰全局变量默认是内部链接属性\08.C++下const修饰全局变量默认是内部链接属性.vcxproj", "{7A9C3C4A-6F7A-44D1-9341-9BBC56DDE8FB}"
EndProject
Project("{8BC9CEB8-8B4A-11D0-8D11-00A0C91BC942}") = "0109 const分配内存情况", "0109 const分配内存情况\09.const分配内存情况.vcxproj", "{6988896E-E219-4C3B-8A86-17E920885F39}"
EndProject
Project("{8BC9CEB8-8B4A-11D0-8D11-00A0C91BC942}") = "0110 引用基本语法", "0110 引用基本语法\10.引用基本语法.vcxproj", "{B0C593A9-1F39-4DC1-99D2-FC3576DAEA34}"
EndProject
Project("{8BC9CEB8-8B4A-11D0-8D11-00A0C91BC942}") = "0111 参数的传递方式", "0111 参数的传递方式\11.参数的传递方式.vcxproj", "{6E4F59E9-60EB-43C4-A533-CB7D9C914797}"
EndProject
Project("{8BC9CEB8-8B4A-11D0-8D11-00A0C91BC942}") = "0112 指针引用", "0112 指针引用\12.指针引用.vcxproj", "{0D607B62-0F20-4908-AC9A-C65DCF3A8EDE}"
EndProject
Project("{8BC9CEB8-8B4A-11D0-8D11-00A0C91BC942}") = "0113 常量的引用", "0113 常量的引用\13.常量的引用.vcxproj", "{13881CE1-9499-4CAF-AEB0-9564F3F6828E}"
EndProject
Project("{8BC9CEB8-8B4A-11D0-8D11-00A0C91BC942}") = "0201 设计一个类，求圆的周长", "0201 设计一个类，求圆的周长\01.设计一个类，求圆的周长.vcxproj", "{0B13C619-95C5-4D08-8A10-CF9678523689}"
EndProject
Project("{8BC9CEB8-8B4A-11D0-8D11-00A0C91BC942}") = "0202 内联函数引出-宏缺陷", "0202 内联函数引出-宏缺陷\02.内联函数引出-宏缺陷.vcxproj", "{9EAB41DF-B350-4B1B-B767-84B0677AC5EC}"
EndProject
Project("{8BC9CEB8-8B4A-11D0-8D11-00A0C91BC942}") = "0203 函数的默认参数和占位参数", "0203 函数的默认参数和占位参数\03.函数的默认参数和占位参数.vcxproj", "{15B2443E-9859-4C79-AF12-A90193FAB72B}"
EndProject
Project("{8BC9CEB8-8B4A-11D0-8D11-00A0C91BC942}") = "0204 函数重载", "0204 函数重载\04.函数重载.vcxproj", "{BAC82334-7412-4B63-A413-CF11A1332D20}"
EndProject
Project("{8BC9CEB8-8B4A-11D0-8D11-00A0C91BC942}") = "0205 externC浅析", "0205 externC浅析\05.externC浅析.vcxproj", "{4F3EBAC8-A227-4C1A-A0BC-B3B0D37A5F14}"
EndProject
Project("{8BC9CEB8-8B4A-11D0-8D11-00A0C91BC942}") = "0206 C语言下的封装", "0206 C语言下的封装\06.C语言下的封装.vcxproj", "{A43219A1-31D6-410C-8F8D-00CAF6CA6C8F}"
EndProject
Project("{8BC9CEB8-8B4A-11D0-8D11-00A0C91BC942}") = "0207 C++语言下的封装", "0207 C++语言下的封装\07.C++语言下的封装.vcxproj", "{E1B48D87-F840-4065-85B9-2D47478EDDCE}"
EndProject
Project("{8BC9CEB8-8B4A-11D0-8D11-00A0C91BC942}") = "0208 尽量将成员属性设置为私有", "0208 尽量将成员属性设置为私有\08.尽量将成员属性设置为私有.vcxproj", "{B08AFEA7-179E-4DBB-84AE-40772067893A}"
EndProject
Project("{8BC9CEB8-8B4A-11D0-8D11-00A0C91BC942}") = "0301 立方体类设计案例", "0301 立方体类设计案例\01 立方体类设计案例.vcxproj", "{6A0D344F-8BD2-43D1-96D3-F129354DB3CB}"
EndProject
Project("{8BC9CEB8-8B4A-11D0-8D11-00A0C91BC942}") = "0302 点和圆关系案例", "0302 点和圆关系案例\02 点和圆关系案例.vcxproj", "{B8D48FE0-AA9B-47B1-96E2-11450E34A489}"
EndProject
Project("{8BC9CEB8-8B4A-11D0-8D11-00A0C91BC942}") = "0303 构造函数和析构函数", "0303 构造函数和析构函数\03 构造函数和析构函数.vcxproj", "{D5F9900A-C42E-4CA5-B24E-3B57EF172DEF}"
EndProject
Project("{8BC9CEB8-8B4A-11D0-8D11-00A0C91BC942}") = "0304 构造函数的分类以及调用", "0304 构造函数的分类以及调用\04 构造函数的分类以及调用.vcxproj", "{80F27DFB-C580-4AD3-9C8E-C6747DA00CD2}"
EndProject
Project("{8BC9CEB8-8B4A-11D0-8D11-00A0C91BC942}") = "0305 拷贝构造函数的调用时机", "0305 拷贝构造函数的调用时机\05 拷贝构造函数的调用时机.vcxproj", "{B248B6C3-0ACA-4869-94B4-1085590D41B3}"
EndProject
Project("{8BC9CEB8-8B4A-11D0-8D11-00A0C91BC942}") = "0306 构造函数的调用规则", "0306 构造函数的调用规则\06 构造函数的调用规则.vcxproj", "{106DCE9D-3EC2-4137-95E9-75970DFB8DDE}"
EndProject
Project("{8BC9CEB8-8B4A-11D0-8D11-00A0C91BC942}") = "0307 深拷贝与浅拷贝问题以及解决", "0307 深拷贝与浅拷贝问题以及解决\07 深拷贝与浅拷贝问题以及解决.vcxproj", "{1552693A-7031-43F1-8929-C38C515A25D2}"
EndProject
Project("{8BC9CEB8-8B4A-11D0-8D11-00A0C91BC942}") = "0308 初始化列表", "0308 初始化列表\08 初始化列表.vcxproj", "{3B77F6D7-E0F6-4348-BA70-B0B6D52C8F82}"
EndProject
Project("{8BC9CEB8-8B4A-11D0-8D11-00A0C91BC942}") = "0309 类对象作为类成员", "0309 类对象作为类成员\09 类对象作为类成员.vcxproj", "{FCAA91FE-D570-4319-8691-7D80A6DF4CA7}"
EndProject
Project("{8BC9CEB8-8B4A-11D0-8D11-00A0C91BC942}") = "0310 explicit关键字使用", "0310 explicit关键字使用\10 explicit关键字使用.vcxproj", "{D1D29F05-ECD9-42C8-B81F-CD35EE4D3E80}"
EndProject
Project("{8BC9CEB8-8B4A-11D0-8D11-00A0C91BC942}") = "0311 new和delete使用", "0311 new和delete使用\11 new和delete使用.vcxproj", "{4DA421A9-78AC-4B0E-94FE-4236DD58CD25}"
EndProject
Project("{8BC9CEB8-8B4A-11D0-8D11-00A0C91BC942}") = "0401 静态成员", "0401 静态成员\01 静态成员.vcxproj", "{D3A0860A-D893-403D-8D79-6AE18D833084}"
EndProject
Project("{8BC9CEB8-8B4A-11D0-8D11-00A0C91BC942}") = "0402 单例模式-主席类案例", "0402 单例模式-主席类案例\02 单例模式-主席类案例.vcxproj", "{70209FAE-5CEF-48AB-9792-CAF343E12192}"
EndProject
Project("{8BC9CEB8-8B4A-11D0-8D11-00A0C91BC942}") = "0403 单例模式 - 打印机案例", "0403 单例模式 - 打印机案例\03 单例模式 - 打印机案例.vcxproj", "{DB8B497E-688D-44A0-9ACD-127C6346E071}"
EndProject
Project("{8BC9CEB8-8B4A-11D0-8D11-00A0C91BC942}") = "0404 C++对象初探", ""0404 C++对象初探\04 C++对象初探.vcxproj", "{EAFB4B71-20BB-4F1A-B5D0-9E118F13338D}"
EndProject
Project("{8BC9CEB8-8B4A-11D0-8D11-00A0C91BC942}") = "0405 this指针的使用", "0405 this指针的使用\05 this指针的使用.vcxproj", "{FF54ABD8-5A10-4BE6-806F-B999EAD92BA0}"
EndProject
Project("{8BC9CEB8-8B4A-11D0-8D11-00A0C91BC942}") = "0406 空指针访问成员函数", "0406 空指针访问成员函数\06 空指针访问成员函数.vcxproj", "{71229D0E-532B-4FF8-A7CA-98B73082D0A5}"
EndProject
Project("{8BC9CEB8-8B4A-11D0-8D11-00A0C91BC942}") = "0407 常函数和常对象", "0407 常函数和常对象\07 常函数和常对象.vcxproj", "{09195BC1-8E7D-4887-B499-2C3CBA3C4358}"
EndProject
Project("{8BC9CEB8-8B4A-11D0-8D11-00A0C91BC942}") = "0408 全局函数做友元函数", "0408 全局函数做友元函数\08 全局函数做友元函数.vcxproj", "{E37EB22D-EB61-41E0-B8EF-C7C83439F5C8}"
EndProject
Project("{8BC9CEB8-8B4A-11D0-8D11-00A0C91BC942}") = "0409 类作为友元类", "0409 类作为友元类\09 类作为友元类.vcxproj", "{424465B5-641B-4446-87C8-B831893A8317}"
EndProject
Project("{8BC9CEB8-8B4A-11D0-8D11-00A0C91BC942}") = "0410 成员函数作为友元函数", "0410 成员函数作为友元函数\10 成员函数作为友元函数.vcxproj", "{DDC0A8FD-063C-4C3E-A3C0-367C78B2B0C3}"
EndProject
Project("{8BC9CEB8-8B4A-11D0-8D11-00A0C91BC942}") = "0501 强化训练-数组类封装", "0501 强化训练-数组类封装\01 强化训练-数组类封装.vcxproj", "{8C96E1AB-4468-4128-9073-58EF4018EA03}"
EndProject
Project("{8BC9CEB8-8B4A-11D0-8D11-00A0C91BC942}") = "0502 加号运算符重载", "0502 加号运算符重载\02 加号运算符重载.vcxproj", "{55A00223-22F3-4DE4-A14C-6B8FA21EF7C7}"
EndProject
Project("{8BC9CEB8-8B4A-11D0-8D11-00A0C91BC942}") = "0503 左移运算符重载", "0503 左移运算符重载\03 左移运算符重载.vcxproj", "{FED379A6-4F97-4B54-B0CF-D8CAD14CE31D}"
EndProject
Project("{8BC9CEB8-8B4A-11D0-8D11-00A0C91BC942}") = "0504 递增运算符重载", "0504 递增运算符重载\04 递增运算符重载.vcxproj", "{D7BA35A3-50F3-4FB1-876B-6FC946BBD577}"
EndProject
Project("{8BC9CEB8-8B4A-11D0-8D11-00A0C91BC942}") = "0505 指针运算符重载", "0505 指针运算符重载\05 指针运算符重载.vcxproj", "{265CC3B8-B80C-4507-950E-2D4808F88EED}"
EndProject
Project("{8BC9CEB8-8B4A-11D0-8D11-00A0C91BC942}") = "0506 赋值运算符重载", "0506 赋值运算符重载\06 赋值运算符重载.vcxproj", "{1974D0E6-D4BF-4FCF-B769-B1BAC8D15D0A}"
EndProject
Global
	GlobalSection(SolutionConfigurationPlatforms) = preSolution
		Debug|Win32 = Debug|Win32
		Release|Win32 = Release|Win32
	EndGlobalSection
	GlobalSection(ProjectConfigurationPlatforms) = postSolution
		{FD50C6E4-5BC3-41E6-A8D8-5428656D5C2B}.Debug|Win32.ActiveCfg = Debug|Win32
		{FD50C6E4-5BC3-41E6-A8D8-5428656D5C2B}.Debug|Win32.Build.0 = Debug|Win32
		{FD50C6E4-5BC3-41E6-A8D8-5428656D5C2B}.Release|Win32.ActiveCfg = Release|Win32
		{FD50C6E4-5BC3-41E6-A8D8-5428656D5C2B}.Release|Win32.Build.0 = Release|Win32
		{7BE46862-D479-4AEC-A41A-1C383546BAED}.Debug|Win32.ActiveCfg = Debug|Win32
		{7BE46862-D479-4AEC-A41A-1C383546BAED}.Debug|Win32.Build.0 = Debug|Win32
		{7BE46862-D479-4AEC-A41A-1C383546BAED}.Release|Win32.ActiveCfg = Release|Win32
		{7BE46862-D479-4AEC-A41A-1C383546BAED}.Release|Win32.Build.0 = Release|Win32
		{367BF28B-04F6-47BC-BF1A-9DD8AFABCC24}.Debug|Win32.ActiveCfg = Debug|Win32
		{367BF28B-04F6-47BC-BF1A-9DD8AFABCC24}.Debug|Win32.Build.0 = Debug|Win32
		{367BF28B-04F6-47BC-BF1A-9DD8AFABCC24}.Release|Win32.ActiveCfg = Release|Win32
		{367BF28B-04F6-47BC-BF1A-9DD8AFABCC24}.Release|Win32.Build.0 = Release|Win32
		{47D21BD9-B066-4D2A-8A0B-D5AF87A48EE8}.Debug|Win32.ActiveCfg = Debug|Win32
		{47D21BD9-B066-4D2A-8A0B-D5AF87A48EE8}.Debug|Win32.Build.0 = Debug|Win32
		{47D21BD9-B066-4D2A-8A0B-D5AF87A48EE8}.Release|Win32.ActiveCfg = Release|Win32
		{47D21BD9-B066-4D2A-8A0B-D5AF87A48EE8}.Release|Win32.Build.0 = Release|Win32
		{338276B7-C56F-48E1-9F82-2FA3B3AEBBFA}.Debug|Win32.ActiveCfg = Debug|Win32
		{338276B7-C56F-48E1-9F82-2FA3B3AEBBFA}.Debug|Win32.Build.0 = Debug|Win32
		{338276B7-C56F-48E1-9F82-2FA3B3AEBBFA}.Release|Win32.ActiveCfg = Release|Win32
		{338276B7-C56F-48E1-9F82-2FA3B3AEBBFA}.Release|Win32.Build.0 = Release|Win32
		{FD0767E9-CAEA-445E-9B59-B202FF67E749}.Debug|Win32.ActiveCfg = Debug|Win32
		{FD0767E9-CAEA-445E-9B59-B202FF67E749}.Debug|Win32.Build.0 = Debug|Win32
		{FD0767E9-CAEA-445E-9B59-B202FF67E749}.Release|Win32.ActiveCfg = Release|Win32
		{FD0767E9-CAEA-445E-9B59-B202FF67E749}.Release|Win32.Build.0 = Release|Win32
		{0CD27D1F-C217-4623-B00A-E6172D27E0A2}.Debug|Win32.ActiveCfg = Debug|Win32
		{0CD27D1F-C217-4623-B00A-E6172D27E0A2}.Debug|Win32.Build.0 = Debug|Win32
		{0CD27D1F-C217-4623-B00A-E6172D27E0A2}.Release|Win32.ActiveCfg = Release|Win32
		{0CD27D1F-C217-4623-B00A-E6172D27E0A2}.Release|Win32.Build.0 = Release|Win32
		{7A9C3C4A-6F7A-44D1-9341-9BBC56DDE8FB}.Debug|Win32.ActiveCfg = Debug|Win32
		{7A9C3C4A-6F7A-44D1-9341-9BBC56DDE8FB}.Debug|Win32.Build.0 = Debug|Win32
		{7A9C3C4A-6F7A-44D1-9341-9BBC56DDE8FB}.Release|Win32.ActiveCfg = Release|Win32
		{7A9C3C4A-6F7A-44D1-9341-9BBC56DDE8FB}.Release|Win32.Build.0 = Release|Win32
		{6988896E-E219-4C3B-8A86-17E920885F39}.Debug|Win32.ActiveCfg = Debug|Win32
		{6988896E-E219-4C3B-8A86-17E920885F39}.Debug|Win32.Build.0 = Debug|Win32
		{6988896E-E219-4C3B-8A86-17E920885F39}.Release|Win32.ActiveCfg = Release|Win32
		{6988896E-E219-4C3B-8A86-17E920885F39}.Release|Win32.Build.0 = Release|Win32
		{B0C593A9-1F39-4DC1-99D2-FC3576DAEA34}.Debug|Win32.ActiveCfg = Debug|Win32
		{B0C593A9-1F39-4DC1-99D2-FC3576DAEA34}.Debug|Win32.Build.0 = Debug|Win32
		{B0C593A9-1F39-4DC1-99D2-FC3576DAEA34}.Release|Win32.ActiveCfg = Release|Win32
		{B0C593A9-1F39-4DC1-99D2-FC3576DAEA34}.Release|Win32.Build.0 = Release|Win32
		{6E4F59E9-60EB-43C4-A533-CB7D9C914797}.Debug|Win32.ActiveCfg = Debug|Win32
		{6E4F59E9-60EB-43C4-A533-CB7D9C914797}.Debug|Win32.Build.0 = Debug|Win32
		{6E4F59E9-60EB-43C4-A533-CB7D9C914797}.Release|Win32.ActiveCfg = Release|Win32
		{6E4F59E9-60EB-43C4-A533-CB7D9C914797}.Release|Win32.Build.0 = Release|Win32
		{0D607B62-0F20-4908-AC9A-C65DCF3A8EDE}.Debug|Win32.ActiveCfg = Debug|Win32
		{0D607B62-0F20-4908-AC9A-C65DCF3A8EDE}.Debug|Win32.Build.0 = Debug|Win32
		{0D607B62-0F20-4908-AC9A-C65DCF3A8EDE}.Release|Win32.ActiveCfg = Release|Win32
		{0D607B62-0F20-4908-AC9A-C65DCF3A8EDE}.Release|Win32.Build.0 = Release|Win32
		{13881CE1-9499-4CAF-AEB0-9564F3F6828E}.Debug|Win32.ActiveCfg = Debug|Win32
		{13881CE1-9499-4CAF-AEB0-9564F3F6828E}.Debug|Win32.Build.0 = Debug|Win32
		{13881CE1-9499-4CAF-AEB0-9564F3F6828E}.Release|Win32.ActiveCfg = Release|Win32
		{13881CE1-9499-4CAF-AEB0-9564F3F6828E}.Release|Win32.Build.0 = Release|Win32
		{0B13C619-95C5-4D08-8A10-CF9678523689}.Debug|Win32.ActiveCfg = Debug|Win32
		{0B13C619-95C5-4D08-8A10-CF9678523689}.Debug|Win32.Build.0 = Debug|Win32
		{0B13C619-95C5-4D08-8A10-CF9678523689}.Release|Win32.ActiveCfg = Release|Win32
		{0B13C619-95C5-4D08-8A10-CF9678523689}.Release|Win32.Build.0 = Release|Win32
		{9EAB41DF-B350-4B1B-B767-84B0677AC5EC}.Debug|Win32.ActiveCfg = Debug|Win32
		{9EAB41DF-B350-4B1B-B767-84B0677AC5EC}.Debug|Win32.Build.0 = Debug|Win32
		{9EAB41DF-B350-4B1B-B767-84B0677AC5EC}.Release|Win32.ActiveCfg = Release|Win32
		{9EAB41DF-B350-4B1B-B767-84B0677AC5EC}.Release|Win32.Build.0 = Release|Win32
		{15B2443E-9859-4C79-AF12-A90193FAB72B}.Debug|Win32.ActiveCfg = Debug|Win32
		{15B2443E-9859-4C79-AF12-A90193FAB72B}.Debug|Win32.Build.0 = Debug|Win32
		{15B2443E-9859-4C79-AF12-A90193FAB72B}.Release|Win32.ActiveCfg = Release|Win32
		{15B2443E-9859-4C79-AF12-A90193FAB72B}.Release|Win32.Build.0 = Release|Win32
		{BAC82334-7412-4B63-A413-CF11A1332D20}.Debug|Win32.ActiveCfg = Debug|Win32
		{BAC82334-7412-4B63-A413-CF11A1332D20}.Debug|Win32.Build.0 = Debug|Win32
		{BAC82334-7412-4B63-A413-CF11A1332D20}.Release|Win32.ActiveCfg = Release|Win32
		{BAC82334-7412-4B63-A413-CF11A1332D20}.Release|Win32.Build.0 = Release|Win32
		{4F3EBAC8-A227-4C1A-A0BC-B3B0D37A5F14}.Debug|Win32.ActiveCfg = Debug|Win32
		{4F3EBAC8-A227-4C1A-A0BC-B3B0D37A5F14}.Debug|Win32.Build.0 = Debug|Win32
		{4F3EBAC8-A227-4C1A-A0BC-B3B0D37A5F14}.Release|Win32.ActiveCfg = Release|Win32
		{4F3EBAC8-A227-4C1A-A0BC-B3B0D37A5F14}.Release|Win32.Build.0 = Release|Win32
		{A43219A1-31D6-410C-8F8D-00CAF6CA6C8F}.Debug|Win32.ActiveCfg = Debug|Win32
		{A43219A1-31D6-410C-8F8D-00CAF6CA6C8F}.Debug|Win32.Build.0 = Debug|Win32
		{A43219A1-31D6-410C-8F8D-00CAF6CA6C8F}.Release|Win32.ActiveCfg = Release|Win32
		{A43219A1-31D6-410C-8F8D-00CAF6CA6C8F}.Release|Win32.Build.0 = Release|Win32
		{E1B48D87-F840-4065-85B9-2D47478EDDCE}.Debug|Win32.ActiveCfg = Debug|Win32
		{E1B48D87-F840-4065-85B9-2D47478EDDCE}.Debug|Win32.Build.0 = Debug|Win32
		{E1B48D87-F840-4065-85B9-2D47478EDDCE}.Release|Win32.ActiveCfg = Release|Win32
		{E1B48D87-F840-4065-85B9-2D47478EDDCE}.Release|Win32.Build.0 = Release|Win32
		{B08AFEA7-179E-4DBB-84AE-40772067893A}.Debug|Win32.ActiveCfg = Debug|Win32
		{B08AFEA7-179E-4DBB-84AE-40772067893A}.Debug|Win32.Build.0 = Debug|Win32
		{B08AFEA7-179E-4DBB-84AE-40772067893A}.Release|Win32.ActiveCfg = Release|Win32
		{B08AFEA7-179E-4DBB-84AE-40772067893A}.Release|Win32.Build.0 = Release|Win32
		{6A0D344F-8BD2-43D1-96D3-F129354DB3CB}.Debug|Win32.ActiveCfg = Debug|Win32
		{6A0D344F-8BD2-43D1-96D3-F129354DB3CB}.Debug|Win32.Build.0 = Debug|Win32
		{6A0D344F-8BD2-43D1-96D3-F129354DB3CB}.Release|Win32.ActiveCfg = Release|Win32
		{6A0D344F-8BD2-43D1-96D3-F129354DB3CB}.Release|Win32.Build.0 = Release|Win32
		{B8D48FE0-AA9B-47B1-96E2-11450E34A489}.Debug|Win32.ActiveCfg = Debug|Win32
		{B8D48FE0-AA9B-47B1-96E2-11450E34A489}.Debug|Win32.Build.0 = Debug|Win32
		{B8D48FE0-AA9B-47B1-96E2-11450E34A489}.Release|Win32.ActiveCfg = Release|Win32
		{B8D48FE0-AA9B-47B1-96E2-11450E34A489}.Release|Win32.Build.0 = Release|Win32
		{D5F9900A-C42E-4CA5-B24E-3B57EF172DEF}.Debug|Win32.ActiveCfg = Debug|Win32
		{D5F9900A-C42E-4CA5-B24E-3B57EF172DEF}.Debug|Win32.Build.0 = Debug|Win32
		{D5F9900A-C42E-4CA5-B24E-3B57EF172DEF}.Release|Win32.ActiveCfg = Release|Win32
		{D5F9900A-C42E-4CA5-B24E-3B57EF172DEF}.Release|Win32.Build.0 = Release|Win32
		{80F27DFB-C580-4AD3-9C8E-C6747DA00CD2}.Debug|Win32.ActiveCfg = Debug|Win32
		{80F27DFB-C580-4AD3-9C8E-C6747DA00CD2}.Debug|Win32.Build.0 = Debug|Win32
		{80F27DFB-C580-4AD3-9C8E-C6747DA00CD2}.Release|Win32.ActiveCfg = Release|Win32
		{80F27DFB-C580-4AD3-9C8E-C6747DA00CD2}.Release|Win32.Build.0 = Release|Win32
		{B248B6C3-0ACA-4869-94B4-1085590D41B3}.Debug|Win32.ActiveCfg = Debug|Win32
		{B248B6C3-0ACA-4869-94B4-1085590D41B3}.Debug|Win32.Build.0 = Debug|Win32
		{B248B6C3-0ACA-4869-94B4-1085590D41B3}.Release|Win32.ActiveCfg = Release|Win32
		{B248B6C3-0ACA-4869-94B4-1085590D41B3}.Release|Win32.Build.0 = Release|Win32
		{106DCE9D-3EC2-4137-95E9-75970DFB8DDE}.Debug|Win32.ActiveCfg = Debug|Win32
		{106DCE9D-3EC2-4137-95E9-75970DFB8DDE}.Debug|Win32.Build.0 = Debug|Win32
		{106DCE9D-3EC2-4137-95E9-75970DFB8DDE}.Release|Win32.ActiveCfg = Release|Win32
		{106DCE9D-3EC2-4137-95E9-75970DFB8DDE}.Release|Win32.Build.0 = Release|Win32
		{1552693A-7031-43F1-8929-C38C515A25D2}.Debug|Win32.ActiveCfg = Debug|Win32
		{1552693A-7031-43F1-8929-C38C515A25D2}.Debug|Win32.Build.0 = Debug|Win32
		{1552693A-7031-43F1-8929-C38C515A25D2}.Release|Win32.ActiveCfg = Release|Win32
		{1552693A-7031-43F1-8929-C38C515A25D2}.Release|Win32.Build.0 = Release|Win32
		{3B77F6D7-E0F6-4348-BA70-B0B6D52C8F82}.Debug|Win32.ActiveCfg = Debug|Win32
		{3B77F6D7-E0F6-4348-BA70-B0B6D52C8F82}.Debug|Win32.Build.0 = Debug|Win32
		{3B77F6D7-E0F6-4348-BA70-B0B6D52C8F82}.Release|Win32.ActiveCfg = Release|Win32
		{3B77F6D7-E0F6-4348-BA70-B0B6D52C8F82}.Release|Win32.Build.0 = Release|Win32
		{FCAA91FE-D570-4319-8691-7D80A6DF4CA7}.Debug|Win32.ActiveCfg = Debug|Win32
		{FCAA91FE-D570-4319-8691-7D80A6DF4CA7}.Debug|Win32.Build.0 = Debug|Win32
		{FCAA91FE-D570-4319-8691-7D80A6DF4CA7}.Release|Win32.ActiveCfg = Release|Win32
		{FCAA91FE-D570-4319-8691-7D80A6DF4CA7}.Release|Win32.Build.0 = Release|Win32
		{D1D29F05-ECD9-42C8-B81F-CD35EE4D3E80}.Debug|Win32.ActiveCfg = Debug|Win32
		{D1D29F05-ECD9-42C8-B81F-CD35EE4D3E80}.Debug|Win32.Build.0 = Debug|Win32
		{D1D29F05-ECD9-42C8-B81F-CD35EE4D3E80}.Release|Win32.ActiveCfg = Release|Win32
		{D1D29F05-ECD9-42C8-B81F-CD35EE4D3E80}.Release|Win32.Build.0 = Release|Win32
		{4DA421A9-78AC-4B0E-94FE-4236DD58CD25}.Debug|Win32.ActiveCfg = Debug|Win32
		{4DA421A9-78AC-4B0E-94FE-4236DD58CD25}.Debug|Win32.Build.0 = Debug|Win32
		{4DA421A9-78AC-4B0E-94FE-4236DD58CD25}.Release|Win32.ActiveCfg = Release|Win32
		{4DA421A9-78AC-4B0E-94FE-4236DD58CD25}.Release|Win32.Build.0 = Release|Win32
		{D3A0860A-D893-403D-8D79-6AE18D833084}.Debug|Win32.ActiveCfg = Debug|Win32
		{D3A0860A-D893-403D-8D79-6AE18D833084}.Debug|Win32.Build.0 = Debug|Win32
		{D3A0860A-D893-403D-8D79-6AE18D833084}.Release|Win32.ActiveCfg = Release|Win32
		{D3A0860A-D893-403D-8D79-6AE18D833084}.Release|Win32.Build.0 = Release|Win32
		{70209FAE-5CEF-48AB-9792-CAF343E12192}.Debug|Win32.ActiveCfg = Debug|Win32
		{70209FAE-5CEF-48AB-9792-CAF343E12192}.Debug|Win32.Build.0 = Debug|Win32
		{70209FAE-5CEF-48AB-9792-CAF343E12192}.Release|Win32.ActiveCfg = Release|Win32
		{70209FAE-5CEF-48AB-9792-CAF343E12192}.Release|Win32.Build.0 = Release|Win32
		{DB8B497E-688D-44A0-9ACD-127C6346E071}.Debug|Win32.ActiveCfg = Debug|Win32
		{DB8B497E-688D-44A0-9ACD-127C6346E071}.Debug|Win32.Build.0 = Debug|Win32
		{DB8B497E-688D-44A0-9ACD-127C6346E071}.Release|Win32.ActiveCfg = Release|Win32
		{DB8B497E-688D-44A0-9ACD-127C6346E071}.Release|Win32.Build.0 = Release|Win32
		{EAFB4B71-20BB-4F1A-B5D0-9E118F13338D}.Debug|Win32.ActiveCfg = Debug|Win32
		{EAFB4B71-20BB-4F1A-B5D0-9E118F13338D}.Debug|Win32.Build.0 = Debug|Win32
		{EAFB4B71-20BB-4F1A-B5D0-9E118F13338D}.Release|Win32.ActiveCfg = Release|Win32
		{EAFB4B71-20BB-4F1A-B5D0-9E118F13338D}.Release|Win32.Build.0 = Release|Win32
		{FF54ABD8-5A10-4BE6-806F-B999EAD92BA0}.Debug|Win32.ActiveCfg = Debug|Win32
		{FF54ABD8-5A10-4BE6-806F-B999EAD92BA0}.Debug|Win32.Build.0 = Debug|Win32
		{FF54ABD8-5A10-4BE6-806F-B999EAD92BA0}.Release|Win32.ActiveCfg = Release|Win32
		{FF54ABD8-5A10-4BE6-806F-B999EAD92BA0}.Release|Win32.Build.0 = Release|Win32
		{71229D0E-532B-4FF8-A7CA-98B73082D0A5}.Debug|Win32.ActiveCfg = Debug|Win32
		{71229D0E-532B-4FF8-A7CA-98B73082D0A5}.Debug|Win32.Build.0 = Debug|Win32
		{71229D0E-532B-4FF8-A7CA-98B73082D0A5}.Release|Win32.ActiveCfg = Release|Win32
		{71229D0E-532B-4FF8-A7CA-98B73082D0A5}.Release|Win32.Build.0 = Release|Win32
		{09195BC1-8E7D-4887-B499-2C3CBA3C4358}.Debug|Win32.ActiveCfg = Debug|Win32
		{09195BC1-8E7D-4887-B499-2C3CBA3C4358}.Debug|Win32.Build.0 = Debug|Win32
		{09195BC1-8E7D-4887-B499-2C3CBA3C4358}.Release|Win32.ActiveCfg = Release|Win32
		{09195BC1-8E7D-4887-B499-2C3CBA3C4358}.Release|Win32.Build.0 = Release|Win32
		{E37EB22D-EB61-41E0-B8EF-C7C83439F5C8}.Debug|Win32.ActiveCfg = Debug|Win32
		{E37EB22D-EB61-41E0-B8EF-C7C83439F5C8}.Debug|Win32.Build.0 = Debug|Win32
		{E37EB22D-EB61-41E0-B8EF-C7C83439F5C8}.Release|Win32.ActiveCfg = Release|Win32
		{E37EB22D-EB61-41E0-B8EF-C7C83439F5C8}.Release|Win32.Build.0 = Release|Win32
		{424465B5-641B-4446-87C8-B831893A8317}.Debug|Win32.ActiveCfg = Debug|Win32
		{424465B5-641B-4446-87C8-B831893A8317}.Debug|Win32.Build.0 = Debug|Win32
		{424465B5-641B-4446-87C8-B831893A8317}.Release|Win32.ActiveCfg = Release|Win32
		{424465B5-641B-4446-87C8-B831893A8317}.Release|Win32.Build.0 = Release|Win32
		{DDC0A8FD-063C-4C3E-A3C0-367C78B2B0C3}.Debug|Win32.ActiveCfg = Debug|Win32
		{DDC0A8FD-063C-4C3E-A3C0-367C78B2B0C3}.Debug|Win32.Build.0 = Debug|Win32
		{DDC0A8FD-063C-4C3E-A3C0-367C78B2B0C3}.Release|Win32.ActiveCfg = Release|Win32
		{DDC0A8FD-063C-4C3E-A3C0-367C78B2B0C3}.Release|Win32.Build.0 = Release|Win32
		{8C96E1AB-4468-4128-9073-58EF4018EA03}.Debug|Win32.ActiveCfg = Debug|Win32
		{8C96E1AB-4468-4128-9073-58EF4018EA03}.Debug|Win32.Build.0 = Debug|Win32
		{8C96E1AB-4468-4128-9073-58EF4018EA03}.Release|Win32.ActiveCfg = Release|Win32
		{8C96E1AB-4468-4128-9073-58EF4018EA03}.Release|Win32.Build.0 = Release|Win32
		{55A00223-22F3-4DE4-A14C-6B8FA21EF7C7}.Debug|Win32.ActiveCfg = Debug|Win32
		{55A00223-22F3-4DE4-A14C-6B8FA21EF7C7}.Debug|Win32.Build.0 = Debug|Win32
		{55A00223-22F3-4DE4-A14C-6B8FA21EF7C7}.Release|Win32.ActiveCfg = Release|Win32
		{55A00223-22F3-4DE4-A14C-6B8FA21EF7C7}.Release|Win32.Build.0 = Release|Win32
		{FED379A6-4F97-4B54-B0CF-D8CAD14CE31D}.Debug|Win32.ActiveCfg = Debug|Win32
		{FED379A6-4F97-4B54-B0CF-D8CAD14CE31D}.Debug|Win32.Build.0 = Debug|Win32
		{FED379A6-4F97-4B54-B0CF-D8CAD14CE31D}.Release|Win32.ActiveCfg = Release|Win32
		{FED379A6-4F97-4B54-B0CF-D8CAD14CE31D}.Release|Win32.Build.0 = Release|Win32
		{D7BA35A3-50F3-4FB1-876B-6FC946BBD577}.Debug|Win32.ActiveCfg = Debug|Win32
		{D7BA35A3-50F3-4FB1-876B-6FC946BBD577}.Debug|Win32.Build.0 = Debug|Win32
		{D7BA35A3-50F3-4FB1-876B-6FC946BBD577}.Release|Win32.ActiveCfg = Release|Win32
		{D7BA35A3-50F3-4FB1-876B-6FC946BBD577}.Release|Win32.Build.0 = Release|Win32
		{265CC3B8-B80C-4507-950E-2D4808F88EED}.Debug|Win32.ActiveCfg = Debug|Win32
		{265CC3B8-B80C-4507-950E-2D4808F88EED}.Debug|Win32.Build.0 = Debug|Win32
		{265CC3B8-B80C-4507-950E-2D4808F88EED}.Release|Win32.ActiveCfg = Release|Win32
		{265CC3B8-B80C-4507-950E-2D4808F88EED}.Release|Win32.Build.0 = Release|Win32
		{1974D0E6-D4BF-4FCF-B769-B1BAC8D15D0A}.Debug|Win32.ActiveCfg = Debug|Win32
		{1974D0E6-D4BF-4FCF-B769-B1BAC8D15D0A}.Debug|Win32.Build.0 = Debug|Win32
		{1974D0E6-D4BF-4FCF-B769-B1BAC8D15D0A}.Release|Win32.ActiveCfg = Release|Win32
		{1974D0E6-D4BF-4FCF-B769-B1BAC8D15D0A}.Release|Win32.Build.0 = Release|Win32
	EndGlobalSection
	GlobalSection(SolutionProperties) = preSolution
		HideSolutionNode = FALSE
	EndGlobalSection
	GlobalSection(ExtensibilityGlobals) = postSolution
		SolutionGuid = {4B921D73-CCDE-4B10-920C-FF605298B205}
	EndGlobalSection
EndGlobal
